lockfileVersion: '6.0'

dependencies:
  next: 15.2.4
  react: ^19
  react-dom: ^19

packages:

  /next/15.2.4:
    resolution: {integrity: sha512-...}
    engines: {node: '>=16.8.0'}
    peerDependencies:
      react: ^18.0.0 || ^19.0.0
      react-dom: ^18.0.0 || ^19.0.0

  /react/19.0.0:
    resolution: {integrity: sha512-...}
    engines: {node: '>=14.0.0'}

  /react-dom/19.0.0:
    resolution: {integrity: sha512-...}
    engines: {node: '>=14.0.0'}
